
Microsoft Visual Studio Solution File, Format Version 12.00
# Visual Studio Version 17
VisualStudioVersion = 17.4.33213.308
MinimumVisualStudioVersion = 10.0.40219.1
Project("{9A19103F-16F7-4668-BE54-9A1E7A4F7556}") = "TrabajoGrafos", "TrabajoGrafos.csproj", "{E1112CD3-F925-4C84-9380-26B4B7FC455C}"
EndProject
Project("{FAE04EC0-301F-11D3-BF4B-00C04F79EFBC}") = "GrafosHash", "..\GrafosHash\GrafosHash.csproj", "{2109C808-61B1-4D3A-AC47-39EE8686383D}"
EndProject
Global
	GlobalSection(SolutionConfigurationPlatforms) = preSolution
		Debug|Any CPU = Debug|Any CPU
		Release|Any CPU = Release|Any CPU
	EndGlobalSection
	GlobalSection(ProjectConfigurationPlatforms) = postSolution
		{E1112CD3-F925-4C84-9380-26B4B7FC455C}.Debug|Any CPU.ActiveCfg = Debug|Any CPU
		{E1112CD3-F925-4C84-9380-26B4B7FC455C}.Debug|Any CPU.Build.0 = Debug|Any CPU
		{E1112CD3-F925-4C84-9380-26B4B7FC455C}.Release|Any CPU.ActiveCfg = Release|Any CPU
		{E1112CD3-F925-4C84-9380-26B4B7FC455C}.Release|Any CPU.Build.0 = Release|Any CPU
		{2109C808-61B1-4D3A-AC47-39EE8686383D}.Debug|Any CPU.ActiveCfg = Debug|Any CPU
		{2109C808-61B1-4D3A-AC47-39EE8686383D}.Debug|Any CPU.Build.0 = Debug|Any CPU
		{2109C808-61B1-4D3A-AC47-39EE8686383D}.Release|Any CPU.ActiveCfg = Release|Any CPU
		{2109C808-61B1-4D3A-AC47-39EE8686383D}.Release|Any CPU.Build.0 = Release|Any CPU
	EndGlobalSection
	GlobalSection(SolutionProperties) = preSolution
		HideSolutionNode = FALSE
	EndGlobalSection
	GlobalSection(ExtensibilityGlobals) = postSolution
		SolutionGuid = {EDB266A7-0F0A-46F0-9924-411B5C027665}
	EndGlobalSection
EndGlobal
